
Microsoft Visual Studio Solution File, Format Version 12.00
# Visual Studio Version 16
VisualStudioVersion = 16.0.29306.81
MinimumVisualStudioVersion = 10.0.40219.1
Project("{FAE04EC0-301F-11D3-BF4B-00C04F79EFBC}") = "WindowsEmotionCalculator", "WindowsEmotionCalculator.csproj", "{81B9596F-3279-4322-A602-A5EA1515B77C}"
EndProject
Project("{2150E333-8FDC-42A3-9474-1A3956D46DE8}") = "Solution Items", "Solution Items", "{2F251F30-0811-4192-8BE7-6A66E8E65279}"
	ProjectSection(SolutionItems) = preProject
		.a11yrc = .a11yrc
		.filenesting.json = .filenesting.json
	EndProjectSection
EndProject
Project("{FAE04EC0-301F-11D3-BF4B-00C04F79EFBC}") = "AndroidEmotionCalculator", "..\AndroidEmotionCalculator\AndroidEmotionCalculator.csproj", "{905F9C9F-0AEB-4C73-AC3B-0668D677D018}"
EndProject
Project("{9A19103F-16F7-4668-BE54-9A1E7A4F7556}") = "WebService", "..\WebService\WebService.csproj", "{FE597B2F-777B-4D0B-8EAE-1C80495B5452}"
EndProject
Project("{00D1A9C2-B5F0-4AF3-8072-F6C62B433612}") = "DataBaseEmotionCalculator", "..\DataBaseEmotionCalculator\DataBaseEmotionCalculator.sqlproj", "{87EF181D-A2B2-465F-AA53-EF8051F65A1E}"
EndProject
Project("{9A19103F-16F7-4668-BE54-9A1E7A4F7556}") = "EmotionCalculatorMain", "..\EmotionCalculatorMain\EmotionCalculatorMain.csproj", "{211E0E2B-B0FF-4D8A-B92F-1AE5DD2D0B06}"
EndProject
Project("{FAE04EC0-301F-11D3-BF4B-00C04F79EFBC}") = "TestField", "..\TestField\TestField.csproj", "{3AE16CC9-399E-413C-BC6F-3AC199910F9B}"
EndProject
Global
	GlobalSection(SolutionConfigurationPlatforms) = preSolution
		Debug|Any CPU = Debug|Any CPU
		Debug|x86 = Debug|x86
		Release|Any CPU = Release|Any CPU
		Release|x86 = Release|x86
	EndGlobalSection
	GlobalSection(ProjectConfigurationPlatforms) = postSolution
		{81B9596F-3279-4322-A602-A5EA1515B77C}.Debug|Any CPU.ActiveCfg = Debug|x86
		{81B9596F-3279-4322-A602-A5EA1515B77C}.Debug|x86.ActiveCfg = Debug|x86
		{81B9596F-3279-4322-A602-A5EA1515B77C}.Debug|x86.Build.0 = Debug|x86
		{81B9596F-3279-4322-A602-A5EA1515B77C}.Release|Any CPU.ActiveCfg = Release|x86
		{81B9596F-3279-4322-A602-A5EA1515B77C}.Release|x86.ActiveCfg = Release|x86
		{81B9596F-3279-4322-A602-A5EA1515B77C}.Release|x86.Build.0 = Release|x86
		{905F9C9F-0AEB-4C73-AC3B-0668D677D018}.Debug|Any CPU.ActiveCfg = Debug|Any CPU
		{905F9C9F-0AEB-4C73-AC3B-0668D677D018}.Debug|Any CPU.Build.0 = Debug|Any CPU
		{905F9C9F-0AEB-4C73-AC3B-0668D677D018}.Debug|Any CPU.Deploy.0 = Debug|Any CPU
		{905F9C9F-0AEB-4C73-AC3B-0668D677D018}.Debug|x86.ActiveCfg = Debug|Any CPU
		{905F9C9F-0AEB-4C73-AC3B-0668D677D018}.Debug|x86.Build.0 = Debug|Any CPU
		{905F9C9F-0AEB-4C73-AC3B-0668D677D018}.Debug|x86.Deploy.0 = Debug|Any CPU
		{905F9C9F-0AEB-4C73-AC3B-0668D677D018}.Release|Any CPU.ActiveCfg = Release|Any CPU
		{905F9C9F-0AEB-4C73-AC3B-0668D677D018}.Release|Any CPU.Build.0 = Release|Any CPU
		{905F9C9F-0AEB-4C73-AC3B-0668D677D018}.Release|Any CPU.Deploy.0 = Release|Any CPU
		{905F9C9F-0AEB-4C73-AC3B-0668D677D018}.Release|x86.ActiveCfg = Release|Any CPU
		{905F9C9F-0AEB-4C73-AC3B-0668D677D018}.Release|x86.Build.0 = Release|Any CPU
		{905F9C9F-0AEB-4C73-AC3B-0668D677D018}.Release|x86.Deploy.0 = Release|Any CPU
		{FE597B2F-777B-4D0B-8EAE-1C80495B5452}.Debug|Any CPU.ActiveCfg = Debug|Any CPU
		{FE597B2F-777B-4D0B-8EAE-1C80495B5452}.Debug|Any CPU.Build.0 = Debug|Any CPU
		{FE597B2F-777B-4D0B-8EAE-1C80495B5452}.Debug|x86.ActiveCfg = Debug|Any CPU
		{FE597B2F-777B-4D0B-8EAE-1C80495B5452}.Debug|x86.Build.0 = Debug|Any CPU
		{FE597B2F-777B-4D0B-8EAE-1C80495B5452}.Release|Any CPU.ActiveCfg = Release|Any CPU
		{FE597B2F-777B-4D0B-8EAE-1C80495B5452}.Release|Any CPU.Build.0 = Release|Any CPU
		{FE597B2F-777B-4D0B-8EAE-1C80495B5452}.Release|x86.ActiveCfg = Release|Any CPU
		{FE597B2F-777B-4D0B-8EAE-1C80495B5452}.Release|x86.Build.0 = Release|Any CPU
		{87EF181D-A2B2-465F-AA53-EF8051F65A1E}.Debug|Any CPU.ActiveCfg = Debug|Any CPU
		{87EF181D-A2B2-465F-AA53-EF8051F65A1E}.Debug|Any CPU.Build.0 = Debug|Any CPU
		{87EF181D-A2B2-465F-AA53-EF8051F65A1E}.Debug|Any CPU.Deploy.0 = Debug|Any CPU
		{87EF181D-A2B2-465F-AA53-EF8051F65A1E}.Debug|x86.ActiveCfg = Debug|Any CPU
		{87EF181D-A2B2-465F-AA53-EF8051F65A1E}.Debug|x86.Build.0 = Debug|Any CPU
		{87EF181D-A2B2-465F-AA53-EF8051F65A1E}.Debug|x86.Deploy.0 = Debug|Any CPU
		{87EF181D-A2B2-465F-AA53-EF8051F65A1E}.Release|Any CPU.ActiveCfg = Release|Any CPU
		{87EF181D-A2B2-465F-AA53-EF8051F65A1E}.Release|Any CPU.Build.0 = Release|Any CPU
		{87EF181D-A2B2-465F-AA53-EF8051F65A1E}.Release|Any CPU.Deploy.0 = Release|Any CPU
		{87EF181D-A2B2-465F-AA53-EF8051F65A1E}.Release|x86.ActiveCfg = Release|Any CPU
		{87EF181D-A2B2-465F-AA53-EF8051F65A1E}.Release|x86.Build.0 = Release|Any CPU
		{87EF181D-A2B2-465F-AA53-EF8051F65A1E}.Release|x86.Deploy.0 = Release|Any CPU
		{211E0E2B-B0FF-4D8A-B92F-1AE5DD2D0B06}.Debug|Any CPU.ActiveCfg = Debug|Any CPU
		{211E0E2B-B0FF-4D8A-B92F-1AE5DD2D0B06}.Debug|Any CPU.Build.0 = Debug|Any CPU
		{211E0E2B-B0FF-4D8A-B92F-1AE5DD2D0B06}.Debug|x86.ActiveCfg = Debug|Any CPU
		{211E0E2B-B0FF-4D8A-B92F-1AE5DD2D0B06}.Debug|x86.Build.0 = Debug|Any CPU
		{211E0E2B-B0FF-4D8A-B92F-1AE5DD2D0B06}.Release|Any CPU.ActiveCfg = Release|Any CPU
		{211E0E2B-B0FF-4D8A-B92F-1AE5DD2D0B06}.Release|Any CPU.Build.0 = Release|Any CPU
		{211E0E2B-B0FF-4D8A-B92F-1AE5DD2D0B06}.Release|x86.ActiveCfg = Release|Any CPU
		{211E0E2B-B0FF-4D8A-B92F-1AE5DD2D0B06}.Release|x86.Build.0 = Release|Any CPU
		{3AE16CC9-399E-413C-BC6F-3AC199910F9B}.Debug|Any CPU.ActiveCfg = Debug|Any CPU
		{3AE16CC9-399E-413C-BC6F-3AC199910F9B}.Debug|Any CPU.Build.0 = Debug|Any CPU
		{3AE16CC9-399E-413C-BC6F-3AC199910F9B}.Debug|x86.ActiveCfg = Debug|Any CPU
		{3AE16CC9-399E-413C-BC6F-3AC199910F9B}.Debug|x86.Build.0 = Debug|Any CPU
		{3AE16CC9-399E-413C-BC6F-3AC199910F9B}.Release|Any CPU.ActiveCfg = Release|Any CPU
		{3AE16CC9-399E-413C-BC6F-3AC199910F9B}.Release|Any CPU.Build.0 = Release|Any CPU
		{3AE16CC9-399E-413C-BC6F-3AC199910F9B}.Release|x86.ActiveCfg = Release|Any CPU
		{3AE16CC9-399E-413C-BC6F-3AC199910F9B}.Release|x86.Build.0 = Release|Any CPU
	EndGlobalSection
	GlobalSection(SolutionProperties) = preSolution
		HideSolutionNode = FALSE
	EndGlobalSection
	GlobalSection(ExtensibilityGlobals) = postSolution
		SolutionGuid = {E04B527E-1214-477E-B8F0-F657348BF0DB}
	EndGlobalSection
EndGlobal
