
Microsoft Visual Studio Solution File, Format Version 12.00
# Visual Studio Version 16
VisualStudioVersion = 16.0.29306.81
MinimumVisualStudioVersion = 10.0.40219.1
Project("{FAE04EC0-301F-11D3-BF4B-00C04F79EFBC}") = "EmotionCalculator", "EmotionCalculator.csproj", "{81B9596F-3279-4322-A602-A5EA1515B77C}"
EndProject
Project("{FAE04EC0-301F-11D3-BF4B-00C04F79EFBC}") = "service", "..\service\service.csproj", "{372702DA-CBC9-48AD-AC6D-9F0F1B2CBD25}"
EndProject
Global
	GlobalSection(SolutionConfigurationPlatforms) = preSolution
		Debug|Any CPU = Debug|Any CPU
		Debug|x86 = Debug|x86
		Release|Any CPU = Release|Any CPU
		Release|x86 = Release|x86
	EndGlobalSection
	GlobalSection(ProjectConfigurationPlatforms) = postSolution
		{81B9596F-3279-4322-A602-A5EA1515B77C}.Debug|Any CPU.ActiveCfg = Debug|x86
		{81B9596F-3279-4322-A602-A5EA1515B77C}.Debug|x86.ActiveCfg = Debug|x86
		{81B9596F-3279-4322-A602-A5EA1515B77C}.Debug|x86.Build.0 = Debug|x86
		{81B9596F-3279-4322-A602-A5EA1515B77C}.Release|Any CPU.ActiveCfg = Release|x86
		{81B9596F-3279-4322-A602-A5EA1515B77C}.Release|x86.ActiveCfg = Release|x86
		{81B9596F-3279-4322-A602-A5EA1515B77C}.Release|x86.Build.0 = Release|x86
		{372702DA-CBC9-48AD-AC6D-9F0F1B2CBD25}.Debug|Any CPU.ActiveCfg = Debug|Any CPU
		{372702DA-CBC9-48AD-AC6D-9F0F1B2CBD25}.Debug|Any CPU.Build.0 = Debug|Any CPU
		{372702DA-CBC9-48AD-AC6D-9F0F1B2CBD25}.Debug|x86.ActiveCfg = Debug|Any CPU
		{372702DA-CBC9-48AD-AC6D-9F0F1B2CBD25}.Debug|x86.Build.0 = Debug|Any CPU
		{372702DA-CBC9-48AD-AC6D-9F0F1B2CBD25}.Release|Any CPU.ActiveCfg = Release|Any CPU
		{372702DA-CBC9-48AD-AC6D-9F0F1B2CBD25}.Release|Any CPU.Build.0 = Release|Any CPU
		{372702DA-CBC9-48AD-AC6D-9F0F1B2CBD25}.Release|x86.ActiveCfg = Release|Any CPU
		{372702DA-CBC9-48AD-AC6D-9F0F1B2CBD25}.Release|x86.Build.0 = Release|Any CPU
	EndGlobalSection
	GlobalSection(SolutionProperties) = preSolution
		HideSolutionNode = FALSE
	EndGlobalSection
	GlobalSection(ExtensibilityGlobals) = postSolution
		SolutionGuid = {E04B527E-1214-477E-B8F0-F657348BF0DB}
	EndGlobalSection
EndGlobal
